
Microsoft Visual Studio Solution File, Format Version 12.00
# Visual Studio Version 17
VisualStudioVersion = 17.1.32319.34
MinimumVisualStudioVersion = 10.0.40219.1
Project("{9A19103F-16F7-4668-BE54-9A1E7A4F7556}") = "DemoRazorApp", "DemoRazorApp\DemoRazorApp.csproj", "{D194C34C-561F-49D2-8729-427227AE092C}"
EndProject
Project("{9A19103F-16F7-4668-BE54-9A1E7A4F7556}") = "DemoRazorApp.Test", "DemoRazorApp.Test\DemoRazorApp.Test.csproj", "{4FB845E6-6C91-4873-8B5D-7419F6D4AC77}"
EndProject
Project("{2150E333-8FDC-42A3-9474-1A3956D46DE8}") = "SupportFeatures", "SupportFeatures", "{CB4850DC-B799-42A1-84C2-7FED48327E99}"
	ProjectSection(SolutionItems) = preProject
		Dockerfile = Dockerfile
	EndProjectSection
EndProject
Global
	GlobalSection(SolutionConfigurationPlatforms) = preSolution
		Debug|Any CPU = Debug|Any CPU
		Release|Any CPU = Release|Any CPU
	EndGlobalSection
	GlobalSection(ProjectConfigurationPlatforms) = postSolution
		{D194C34C-561F-49D2-8729-427227AE092C}.Debug|Any CPU.ActiveCfg = Debug|Any CPU
		{D194C34C-561F-49D2-8729-427227AE092C}.Debug|Any CPU.Build.0 = Debug|Any CPU
		{D194C34C-561F-49D2-8729-427227AE092C}.Release|Any CPU.ActiveCfg = Release|Any CPU
		{D194C34C-561F-49D2-8729-427227AE092C}.Release|Any CPU.Build.0 = Release|Any CPU
		{4FB845E6-6C91-4873-8B5D-7419F6D4AC77}.Debug|Any CPU.ActiveCfg = Debug|Any CPU
		{4FB845E6-6C91-4873-8B5D-7419F6D4AC77}.Debug|Any CPU.Build.0 = Debug|Any CPU
		{4FB845E6-6C91-4873-8B5D-7419F6D4AC77}.Release|Any CPU.ActiveCfg = Release|Any CPU
		{4FB845E6-6C91-4873-8B5D-7419F6D4AC77}.Release|Any CPU.Build.0 = Release|Any CPU
	EndGlobalSection
	GlobalSection(SolutionProperties) = preSolution
		HideSolutionNode = FALSE
	EndGlobalSection
	GlobalSection(ExtensibilityGlobals) = postSolution
		SolutionGuid = {8ACE765C-E047-481B-A261-EB8DE7618AAE}
	EndGlobalSection
EndGlobal
